
Microsoft Visual Studio Solution File, Format Version 12.00
# Visual Studio Version 18
VisualStudioVersion = 18.3.11520.95 d18.3
MinimumVisualStudioVersion = 10.0.40219.1
Project("{2150E333-8FDC-42A3-9474-1A3956D46DE8}") = "src", "src", "{827E0CD3-B72D-47B6-A68D-7590B98EB39B}"
EndProject
Project("{FAE04EC0-301F-11D3-BF4B-00C04F79EFBC}") = "ErrorManagement.Api", "src\ErrorManagement.Api\ErrorManagement.Api.csproj", "{235C0857-245F-4CA8-9CFC-3E80BC0EFE03}"
EndProject
Project("{2150E333-8FDC-42A3-9474-1A3956D46DE8}") = "Modules", "Modules", "{EC447DCF-ABFA-6E24-52A5-D7FD48A5C558}"
EndProject
Project("{2150E333-8FDC-42A3-9474-1A3956D46DE8}") = "Auth", "Auth", "{E9D55F35-C373-3DD8-6914-3213F2F582A2}"
EndProject
Project("{FAE04EC0-301F-11D3-BF4B-00C04F79EFBC}") = "ErrorManagement.Auth.Infrastructure", "src\Modules\Auth\ErrorManagement.Auth.Infrastructure\ErrorManagement.Auth.Infrastructure.csproj", "{0AFCC53B-F0AB-424B-AA46-2FA94780BBA7}"
EndProject
Project("{FAE04EC0-301F-11D3-BF4B-00C04F79EFBC}") = "ErrorManagement.Auth.Application", "src\Modules\Auth\ErrorManagement.Auth.Application\ErrorManagement.Auth.Application.csproj", "{B08931C7-347B-46AF-9119-745DE0E73F3B}"
EndProject
Project("{FAE04EC0-301F-11D3-BF4B-00C04F79EFBC}") = "ErrorManagement.Shared", "src\ErrorManagement.Shared\ErrorManagement.Shared.csproj", "{7F5ED337-74B4-47DD-A9B5-8E3997898F01}"
EndProject
Project("{FAE04EC0-301F-11D3-BF4B-00C04F79EFBC}") = "ErrorManagement.Auth.Api", "src\Modules\Auth\ErrorManagement.Auth.Api\ErrorManagement.Auth.Api.csproj", "{29044A7D-0A0C-4B2F-8EBF-76AB2FAD49F0}"
EndProject
Project("{2150E333-8FDC-42A3-9474-1A3956D46DE8}") = "Navigation", "Navigation", "{A7E62BF5-4274-79F2-BFB6-413C900CE78F}"
EndProject
Project("{FAE04EC0-301F-11D3-BF4B-00C04F79EFBC}") = "ErrorManagement.Navigation.Application", "src\Modules\Navigation\ErrorManagement.Navigation.Application\ErrorManagement.Navigation.Application.csproj", "{D75F029E-866F-470E-9B98-E28171985917}"
EndProject
Project("{FAE04EC0-301F-11D3-BF4B-00C04F79EFBC}") = "ErrorManagement.Navigation.Infrastructure", "src\Modules\Navigation\ErrorManagement.Navigation.Infrastructure\ErrorManagement.Navigation.Infrastructure.csproj", "{88E6302A-62A3-4CB7-A4A0-00522C26A738}"
EndProject
Project("{FAE04EC0-301F-11D3-BF4B-00C04F79EFBC}") = "ErrorManagement.Navigation.Api", "src\Modules\Navigation\ErrorManagement.Navigation.Api\ErrorManagement.Navigation.Api.csproj", "{A3E6D056-407F-432A-AF8A-68D0B06E84C3}"
EndProject
Project("{2150E333-8FDC-42A3-9474-1A3956D46DE8}") = "Dashboard", "Dashboard", "{9BF2A726-9349-1429-64E4-F5B69F0CD98D}"
EndProject
Project("{FAE04EC0-301F-11D3-BF4B-00C04F79EFBC}") = "ErrorManagement.Dashboard.Application", "src\Modules\Dashboard\ErrorManagement.Dashboard.Application\ErrorManagement.Dashboard.Application.csproj", "{48DCDBE1-EF51-4DC8-816C-2B8A25046A04}"
EndProject
Project("{FAE04EC0-301F-11D3-BF4B-00C04F79EFBC}") = "ErrorManagement.Dashboard.Infrastructure", "src\Modules\Dashboard\ErrorManagement.Dashboard.Infrastructure\ErrorManagement.Dashboard.Infrastructure.csproj", "{597FD03D-8B96-4FCC-AC7B-DA56F550E701}"
EndProject
Project("{FAE04EC0-301F-11D3-BF4B-00C04F79EFBC}") = "ErrorManagement.Dashboard.Api", "src\Modules\Dashboard\ErrorManagement.Dashboard.Api\ErrorManagement.Dashboard.Api.csproj", "{C0DA8801-B797-4DB0-85B4-469DD599D0A9}"
EndProject
Project("{2150E333-8FDC-42A3-9474-1A3956D46DE8}") = "ClinicalAttachment", "ClinicalAttachment", "{EE7AE57F-1F73-62A6-1E2A-5756C61DFA40}"
EndProject
Project("{FAE04EC0-301F-11D3-BF4B-00C04F79EFBC}") = "ErrorManagement.ClinicalAttachment.Application", "src\Modules\ClinicalAttachment\ErrorManagement.ClinicalAttachment.Application\ErrorManagement.ClinicalAttachment.Application.csproj", "{BDA21E7E-8C66-4FEC-93F0-19747F0063C5}"
EndProject
Project("{FAE04EC0-301F-11D3-BF4B-00C04F79EFBC}") = "ErrorManagement.ClinicalAttachment.Infrastructure", "src\Modules\ClinicalAttachment\ErrorManagement.ClinicalAttachment.Infrastructure\ErrorManagement.ClinicalAttachment.Infrastructure.csproj", "{ADE36AC0-66E9-4600-A1F0-2A30C83F0CC8}"
EndProject
Project("{FAE04EC0-301F-11D3-BF4B-00C04F79EFBC}") = "ErrorManagement.ClinicalAttachment.Api", "src\Modules\ClinicalAttachment\ErrorManagement.ClinicalAttachment.Api\ErrorManagement.ClinicalAttachment.Api.csproj", "{953E08DE-3B57-4400-9C63-7C4B5CABA5ED}"
EndProject
Project("{2150E333-8FDC-42A3-9474-1A3956D46DE8}") = "PatientServices", "PatientServices", "{183C7EF4-8737-DBA5-FB74-19BAC03EA214}"
EndProject
Project("{FAE04EC0-301F-11D3-BF4B-00C04F79EFBC}") = "ErrorManagement.PatientServices.Application", "src\Modules\PatientServices\ErrorManagement.PatientServices.Application\ErrorManagement.PatientServices.Application.csproj", "{9683DCD8-DB18-4245-8D07-16537836315E}"
EndProject
Project("{FAE04EC0-301F-11D3-BF4B-00C04F79EFBC}") = "ErrorManagement.PatientServices.Infrastructure", "src\Modules\PatientServices\ErrorManagement.PatientServices.Infrastructure\ErrorManagement.PatientServices.Infrastructure.csproj", "{B49E839C-21C0-462C-B36D-2CA6FF9B034A}"
EndProject
Project("{FAE04EC0-301F-11D3-BF4B-00C04F79EFBC}") = "ErrorManagement.PatientServices.Api", "src\Modules\PatientServices\ErrorManagement.PatientServices.Api\ErrorManagement.PatientServices.Api.csproj", "{9C5BBE15-806B-4C9A-B7A8-3910AF94CF43}"
EndProject
Project("{2150E333-8FDC-42A3-9474-1A3956D46DE8}") = "tests", "tests", "{0AB3BF05-4346-4AA6-1389-037BE0695223}"
EndProject
Project("{FAE04EC0-301F-11D3-BF4B-00C04F79EFBC}") = "ErrorManagement.Auth.Application.Tests", "tests\ErrorManagement.Auth.Application.Tests\ErrorManagement.Auth.Application.Tests.csproj", "{FFD888B2-5657-495C-A214-D8ACB39F5734}"
EndProject
Project("{FAE04EC0-301F-11D3-BF4B-00C04F79EFBC}") = "ErrorManagement.Integration.Tests", "tests\ErrorManagement.Integration.Tests\ErrorManagement.Integration.Tests.csproj", "{45B6E4F7-C5CC-4ACF-B806-22032FFFD664}"
EndProject
Global
	GlobalSection(SolutionConfigurationPlatforms) = preSolution
		Debug|Any CPU = Debug|Any CPU
		Debug|x64 = Debug|x64
		Debug|x86 = Debug|x86
		Release|Any CPU = Release|Any CPU
		Release|x64 = Release|x64
		Release|x86 = Release|x86
	EndGlobalSection
	GlobalSection(ProjectConfigurationPlatforms) = postSolution
		{235C0857-245F-4CA8-9CFC-3E80BC0EFE03}.Debug|Any CPU.ActiveCfg = Debug|Any CPU
		{235C0857-245F-4CA8-9CFC-3E80BC0EFE03}.Debug|Any CPU.Build.0 = Debug|Any CPU
		{235C0857-245F-4CA8-9CFC-3E80BC0EFE03}.Debug|x64.ActiveCfg = Debug|Any CPU
		{235C0857-245F-4CA8-9CFC-3E80BC0EFE03}.Debug|x64.Build.0 = Debug|Any CPU
		{235C0857-245F-4CA8-9CFC-3E80BC0EFE03}.Debug|x86.ActiveCfg = Debug|Any CPU
		{235C0857-245F-4CA8-9CFC-3E80BC0EFE03}.Debug|x86.Build.0 = Debug|Any CPU
		{235C0857-245F-4CA8-9CFC-3E80BC0EFE03}.Release|Any CPU.ActiveCfg = Release|Any CPU
		{235C0857-245F-4CA8-9CFC-3E80BC0EFE03}.Release|Any CPU.Build.0 = Release|Any CPU
		{235C0857-245F-4CA8-9CFC-3E80BC0EFE03}.Release|x64.ActiveCfg = Release|Any CPU
		{235C0857-245F-4CA8-9CFC-3E80BC0EFE03}.Release|x64.Build.0 = Release|Any CPU
		{235C0857-245F-4CA8-9CFC-3E80BC0EFE03}.Release|x86.ActiveCfg = Release|Any CPU
		{235C0857-245F-4CA8-9CFC-3E80BC0EFE03}.Release|x86.Build.0 = Release|Any CPU
		{0AFCC53B-F0AB-424B-AA46-2FA94780BBA7}.Debug|Any CPU.ActiveCfg = Debug|Any CPU
		{0AFCC53B-F0AB-424B-AA46-2FA94780BBA7}.Debug|Any CPU.Build.0 = Debug|Any CPU
		{0AFCC53B-F0AB-424B-AA46-2FA94780BBA7}.Debug|x64.ActiveCfg = Debug|Any CPU
		{0AFCC53B-F0AB-424B-AA46-2FA94780BBA7}.Debug|x64.Build.0 = Debug|Any CPU
		{0AFCC53B-F0AB-424B-AA46-2FA94780BBA7}.Debug|x86.ActiveCfg = Debug|Any CPU
		{0AFCC53B-F0AB-424B-AA46-2FA94780BBA7}.Debug|x86.Build.0 = Debug|Any CPU
		{0AFCC53B-F0AB-424B-AA46-2FA94780BBA7}.Release|Any CPU.ActiveCfg = Release|Any CPU
		{0AFCC53B-F0AB-424B-AA46-2FA94780BBA7}.Release|Any CPU.Build.0 = Release|Any CPU
		{0AFCC53B-F0AB-424B-AA46-2FA94780BBA7}.Release|x64.ActiveCfg = Release|Any CPU
		{0AFCC53B-F0AB-424B-AA46-2FA94780BBA7}.Release|x64.Build.0 = Release|Any CPU
		{0AFCC53B-F0AB-424B-AA46-2FA94780BBA7}.Release|x86.ActiveCfg = Release|Any CPU
		{0AFCC53B-F0AB-424B-AA46-2FA94780BBA7}.Release|x86.Build.0 = Release|Any CPU
		{B08931C7-347B-46AF-9119-745DE0E73F3B}.Debug|Any CPU.ActiveCfg = Debug|Any CPU
		{B08931C7-347B-46AF-9119-745DE0E73F3B}.Debug|Any CPU.Build.0 = Debug|Any CPU
		{B08931C7-347B-46AF-9119-745DE0E73F3B}.Debug|x64.ActiveCfg = Debug|Any CPU
		{B08931C7-347B-46AF-9119-745DE0E73F3B}.Debug|x64.Build.0 = Debug|Any CPU
		{B08931C7-347B-46AF-9119-745DE0E73F3B}.Debug|x86.ActiveCfg = Debug|Any CPU
		{B08931C7-347B-46AF-9119-745DE0E73F3B}.Debug|x86.Build.0 = Debug|Any CPU
		{B08931C7-347B-46AF-9119-745DE0E73F3B}.Release|Any CPU.ActiveCfg = Release|Any CPU
		{B08931C7-347B-46AF-9119-745DE0E73F3B}.Release|Any CPU.Build.0 = Release|Any CPU
		{B08931C7-347B-46AF-9119-745DE0E73F3B}.Release|x64.ActiveCfg = Release|Any CPU
		{B08931C7-347B-46AF-9119-745DE0E73F3B}.Release|x64.Build.0 = Release|Any CPU
		{B08931C7-347B-46AF-9119-745DE0E73F3B}.Release|x86.ActiveCfg = Release|Any CPU
		{B08931C7-347B-46AF-9119-745DE0E73F3B}.Release|x86.Build.0 = Release|Any CPU
		{7F5ED337-74B4-47DD-A9B5-8E3997898F01}.Debug|Any CPU.ActiveCfg = Debug|Any CPU
		{7F5ED337-74B4-47DD-A9B5-8E3997898F01}.Debug|Any CPU.Build.0 = Debug|Any CPU
		{7F5ED337-74B4-47DD-A9B5-8E3997898F01}.Debug|x64.ActiveCfg = Debug|Any CPU
		{7F5ED337-74B4-47DD-A9B5-8E3997898F01}.Debug|x64.Build.0 = Debug|Any CPU
		{7F5ED337-74B4-47DD-A9B5-8E3997898F01}.Debug|x86.ActiveCfg = Debug|Any CPU
		{7F5ED337-74B4-47DD-A9B5-8E3997898F01}.Debug|x86.Build.0 = Debug|Any CPU
		{7F5ED337-74B4-47DD-A9B5-8E3997898F01}.Release|Any CPU.ActiveCfg = Release|Any CPU
		{7F5ED337-74B4-47DD-A9B5-8E3997898F01}.Release|Any CPU.Build.0 = Release|Any CPU
		{7F5ED337-74B4-47DD-A9B5-8E3997898F01}.Release|x64.ActiveCfg = Release|Any CPU
		{7F5ED337-74B4-47DD-A9B5-8E3997898F01}.Release|x64.Build.0 = Release|Any CPU
		{7F5ED337-74B4-47DD-A9B5-8E3997898F01}.Release|x86.ActiveCfg = Release|Any CPU
		{7F5ED337-74B4-47DD-A9B5-8E3997898F01}.Release|x86.Build.0 = Release|Any CPU
		{29044A7D-0A0C-4B2F-8EBF-76AB2FAD49F0}.Debug|Any CPU.ActiveCfg = Debug|Any CPU
		{29044A7D-0A0C-4B2F-8EBF-76AB2FAD49F0}.Debug|Any CPU.Build.0 = Debug|Any CPU
		{29044A7D-0A0C-4B2F-8EBF-76AB2FAD49F0}.Debug|x64.ActiveCfg = Debug|Any CPU
		{29044A7D-0A0C-4B2F-8EBF-76AB2FAD49F0}.Debug|x64.Build.0 = Debug|Any CPU
		{29044A7D-0A0C-4B2F-8EBF-76AB2FAD49F0}.Debug|x86.ActiveCfg = Debug|Any CPU
		{29044A7D-0A0C-4B2F-8EBF-76AB2FAD49F0}.Debug|x86.Build.0 = Debug|Any CPU
		{29044A7D-0A0C-4B2F-8EBF-76AB2FAD49F0}.Release|Any CPU.ActiveCfg = Release|Any CPU
		{29044A7D-0A0C-4B2F-8EBF-76AB2FAD49F0}.Release|Any CPU.Build.0 = Release|Any CPU
		{29044A7D-0A0C-4B2F-8EBF-76AB2FAD49F0}.Release|x64.ActiveCfg = Release|Any CPU
		{29044A7D-0A0C-4B2F-8EBF-76AB2FAD49F0}.Release|x64.Build.0 = Release|Any CPU
		{29044A7D-0A0C-4B2F-8EBF-76AB2FAD49F0}.Release|x86.ActiveCfg = Release|Any CPU
		{29044A7D-0A0C-4B2F-8EBF-76AB2FAD49F0}.Release|x86.Build.0 = Release|Any CPU
		{D75F029E-866F-470E-9B98-E28171985917}.Debug|Any CPU.ActiveCfg = Debug|Any CPU
		{D75F029E-866F-470E-9B98-E28171985917}.Debug|Any CPU.Build.0 = Debug|Any CPU
		{D75F029E-866F-470E-9B98-E28171985917}.Debug|x64.ActiveCfg = Debug|Any CPU
		{D75F029E-866F-470E-9B98-E28171985917}.Debug|x64.Build.0 = Debug|Any CPU
		{D75F029E-866F-470E-9B98-E28171985917}.Debug|x86.ActiveCfg = Debug|Any CPU
		{D75F029E-866F-470E-9B98-E28171985917}.Debug|x86.Build.0 = Debug|Any CPU
		{D75F029E-866F-470E-9B98-E28171985917}.Release|Any CPU.ActiveCfg = Release|Any CPU
		{D75F029E-866F-470E-9B98-E28171985917}.Release|Any CPU.Build.0 = Release|Any CPU
		{D75F029E-866F-470E-9B98-E28171985917}.Release|x64.ActiveCfg = Release|Any CPU
		{D75F029E-866F-470E-9B98-E28171985917}.Release|x64.Build.0 = Release|Any CPU
		{D75F029E-866F-470E-9B98-E28171985917}.Release|x86.ActiveCfg = Release|Any CPU
		{D75F029E-866F-470E-9B98-E28171985917}.Release|x86.Build.0 = Release|Any CPU
		{88E6302A-62A3-4CB7-A4A0-00522C26A738}.Debug|Any CPU.ActiveCfg = Debug|Any CPU
		{88E6302A-62A3-4CB7-A4A0-00522C26A738}.Debug|Any CPU.Build.0 = Debug|Any CPU
		{88E6302A-62A3-4CB7-A4A0-00522C26A738}.Debug|x64.ActiveCfg = Debug|Any CPU
		{88E6302A-62A3-4CB7-A4A0-00522C26A738}.Debug|x64.Build.0 = Debug|Any CPU
		{88E6302A-62A3-4CB7-A4A0-00522C26A738}.Debug|x86.ActiveCfg = Debug|Any CPU
		{88E6302A-62A3-4CB7-A4A0-00522C26A738}.Debug|x86.Build.0 = Debug|Any CPU
		{88E6302A-62A3-4CB7-A4A0-00522C26A738}.Release|Any CPU.ActiveCfg = Release|Any CPU
		{88E6302A-62A3-4CB7-A4A0-00522C26A738}.Release|Any CPU.Build.0 = Release|Any CPU
		{88E6302A-62A3-4CB7-A4A0-00522C26A738}.Release|x64.ActiveCfg = Release|Any CPU
		{88E6302A-62A3-4CB7-A4A0-00522C26A738}.Release|x64.Build.0 = Release|Any CPU
		{88E6302A-62A3-4CB7-A4A0-00522C26A738}.Release|x86.ActiveCfg = Release|Any CPU
		{88E6302A-62A3-4CB7-A4A0-00522C26A738}.Release|x86.Build.0 = Release|Any CPU
		{A3E6D056-407F-432A-AF8A-68D0B06E84C3}.Debug|Any CPU.ActiveCfg = Debug|Any CPU
		{A3E6D056-407F-432A-AF8A-68D0B06E84C3}.Debug|Any CPU.Build.0 = Debug|Any CPU
		{A3E6D056-407F-432A-AF8A-68D0B06E84C3}.Debug|x64.ActiveCfg = Debug|Any CPU
		{A3E6D056-407F-432A-AF8A-68D0B06E84C3}.Debug|x64.Build.0 = Debug|Any CPU
		{A3E6D056-407F-432A-AF8A-68D0B06E84C3}.Debug|x86.ActiveCfg = Debug|Any CPU
		{A3E6D056-407F-432A-AF8A-68D0B06E84C3}.Debug|x86.Build.0 = Debug|Any CPU
		{A3E6D056-407F-432A-AF8A-68D0B06E84C3}.Release|Any CPU.ActiveCfg = Release|Any CPU
		{A3E6D056-407F-432A-AF8A-68D0B06E84C3}.Release|Any CPU.Build.0 = Release|Any CPU
		{A3E6D056-407F-432A-AF8A-68D0B06E84C3}.Release|x64.ActiveCfg = Release|Any CPU
		{A3E6D056-407F-432A-AF8A-68D0B06E84C3}.Release|x64.Build.0 = Release|Any CPU
		{A3E6D056-407F-432A-AF8A-68D0B06E84C3}.Release|x86.ActiveCfg = Release|Any CPU
		{A3E6D056-407F-432A-AF8A-68D0B06E84C3}.Release|x86.Build.0 = Release|Any CPU
		{48DCDBE1-EF51-4DC8-816C-2B8A25046A04}.Debug|Any CPU.ActiveCfg = Debug|Any CPU
		{48DCDBE1-EF51-4DC8-816C-2B8A25046A04}.Debug|Any CPU.Build.0 = Debug|Any CPU
		{48DCDBE1-EF51-4DC8-816C-2B8A25046A04}.Debug|x64.ActiveCfg = Debug|Any CPU
		{48DCDBE1-EF51-4DC8-816C-2B8A25046A04}.Debug|x64.Build.0 = Debug|Any CPU
		{48DCDBE1-EF51-4DC8-816C-2B8A25046A04}.Debug|x86.ActiveCfg = Debug|Any CPU
		{48DCDBE1-EF51-4DC8-816C-2B8A25046A04}.Debug|x86.Build.0 = Debug|Any CPU
		{48DCDBE1-EF51-4DC8-816C-2B8A25046A04}.Release|Any CPU.ActiveCfg = Release|Any CPU
		{48DCDBE1-EF51-4DC8-816C-2B8A25046A04}.Release|Any CPU.Build.0 = Release|Any CPU
		{48DCDBE1-EF51-4DC8-816C-2B8A25046A04}.Release|x64.ActiveCfg = Release|Any CPU
		{48DCDBE1-EF51-4DC8-816C-2B8A25046A04}.Release|x64.Build.0 = Release|Any CPU
		{48DCDBE1-EF51-4DC8-816C-2B8A25046A04}.Release|x86.ActiveCfg = Release|Any CPU
		{48DCDBE1-EF51-4DC8-816C-2B8A25046A04}.Release|x86.Build.0 = Release|Any CPU
		{597FD03D-8B96-4FCC-AC7B-DA56F550E701}.Debug|Any CPU.ActiveCfg = Debug|Any CPU
		{597FD03D-8B96-4FCC-AC7B-DA56F550E701}.Debug|Any CPU.Build.0 = Debug|Any CPU
		{597FD03D-8B96-4FCC-AC7B-DA56F550E701}.Debug|x64.ActiveCfg = Debug|Any CPU
		{597FD03D-8B96-4FCC-AC7B-DA56F550E701}.Debug|x64.Build.0 = Debug|Any CPU
		{597FD03D-8B96-4FCC-AC7B-DA56F550E701}.Debug|x86.ActiveCfg = Debug|Any CPU
		{597FD03D-8B96-4FCC-AC7B-DA56F550E701}.Debug|x86.Build.0 = Debug|Any CPU
		{597FD03D-8B96-4FCC-AC7B-DA56F550E701}.Release|Any CPU.ActiveCfg = Release|Any CPU
		{597FD03D-8B96-4FCC-AC7B-DA56F550E701}.Release|Any CPU.Build.0 = Release|Any CPU
		{597FD03D-8B96-4FCC-AC7B-DA56F550E701}.Release|x64.ActiveCfg = Release|Any CPU
		{597FD03D-8B96-4FCC-AC7B-DA56F550E701}.Release|x64.Build.0 = Release|Any CPU
		{597FD03D-8B96-4FCC-AC7B-DA56F550E701}.Release|x86.ActiveCfg = Release|Any CPU
		{597FD03D-8B96-4FCC-AC7B-DA56F550E701}.Release|x86.Build.0 = Release|Any CPU
		{C0DA8801-B797-4DB0-85B4-469DD599D0A9}.Debug|Any CPU.ActiveCfg = Debug|Any CPU
		{C0DA8801-B797-4DB0-85B4-469DD599D0A9}.Debug|Any CPU.Build.0 = Debug|Any CPU
		{C0DA8801-B797-4DB0-85B4-469DD599D0A9}.Debug|x64.ActiveCfg = Debug|Any CPU
		{C0DA8801-B797-4DB0-85B4-469DD599D0A9}.Debug|x64.Build.0 = Debug|Any CPU
		{C0DA8801-B797-4DB0-85B4-469DD599D0A9}.Debug|x86.ActiveCfg = Debug|Any CPU
		{C0DA8801-B797-4DB0-85B4-469DD599D0A9}.Debug|x86.Build.0 = Debug|Any CPU
		{C0DA8801-B797-4DB0-85B4-469DD599D0A9}.Release|Any CPU.ActiveCfg = Release|Any CPU
		{C0DA8801-B797-4DB0-85B4-469DD599D0A9}.Release|Any CPU.Build.0 = Release|Any CPU
		{C0DA8801-B797-4DB0-85B4-469DD599D0A9}.Release|x64.ActiveCfg = Release|Any CPU
		{C0DA8801-B797-4DB0-85B4-469DD599D0A9}.Release|x64.Build.0 = Release|Any CPU
		{C0DA8801-B797-4DB0-85B4-469DD599D0A9}.Release|x86.ActiveCfg = Release|Any CPU
		{C0DA8801-B797-4DB0-85B4-469DD599D0A9}.Release|x86.Build.0 = Release|Any CPU
		{BDA21E7E-8C66-4FEC-93F0-19747F0063C5}.Debug|Any CPU.ActiveCfg = Debug|Any CPU
		{BDA21E7E-8C66-4FEC-93F0-19747F0063C5}.Debug|Any CPU.Build.0 = Debug|Any CPU
		{BDA21E7E-8C66-4FEC-93F0-19747F0063C5}.Debug|x64.ActiveCfg = Debug|Any CPU
		{BDA21E7E-8C66-4FEC-93F0-19747F0063C5}.Debug|x64.Build.0 = Debug|Any CPU
		{BDA21E7E-8C66-4FEC-93F0-19747F0063C5}.Debug|x86.ActiveCfg = Debug|Any CPU
		{BDA21E7E-8C66-4FEC-93F0-19747F0063C5}.Debug|x86.Build.0 = Debug|Any CPU
		{BDA21E7E-8C66-4FEC-93F0-19747F0063C5}.Release|Any CPU.ActiveCfg = Release|Any CPU
		{BDA21E7E-8C66-4FEC-93F0-19747F0063C5}.Release|Any CPU.Build.0 = Release|Any CPU
		{BDA21E7E-8C66-4FEC-93F0-19747F0063C5}.Release|x64.ActiveCfg = Release|Any CPU
		{BDA21E7E-8C66-4FEC-93F0-19747F0063C5}.Release|x64.Build.0 = Release|Any CPU
		{BDA21E7E-8C66-4FEC-93F0-19747F0063C5}.Release|x86.ActiveCfg = Release|Any CPU
		{BDA21E7E-8C66-4FEC-93F0-19747F0063C5}.Release|x86.Build.0 = Release|Any CPU
		{ADE36AC0-66E9-4600-A1F0-2A30C83F0CC8}.Debug|Any CPU.ActiveCfg = Debug|Any CPU
		{ADE36AC0-66E9-4600-A1F0-2A30C83F0CC8}.Debug|Any CPU.Build.0 = Debug|Any CPU
		{ADE36AC0-66E9-4600-A1F0-2A30C83F0CC8}.Debug|x64.ActiveCfg = Debug|Any CPU
		{ADE36AC0-66E9-4600-A1F0-2A30C83F0CC8}.Debug|x64.Build.0 = Debug|Any CPU
		{ADE36AC0-66E9-4600-A1F0-2A30C83F0CC8}.Debug|x86.ActiveCfg = Debug|Any CPU
		{ADE36AC0-66E9-4600-A1F0-2A30C83F0CC8}.Debug|x86.Build.0 = Debug|Any CPU
		{ADE36AC0-66E9-4600-A1F0-2A30C83F0CC8}.Release|Any CPU.ActiveCfg = Release|Any CPU
		{ADE36AC0-66E9-4600-A1F0-2A30C83F0CC8}.Release|Any CPU.Build.0 = Release|Any CPU
		{ADE36AC0-66E9-4600-A1F0-2A30C83F0CC8}.Release|x64.ActiveCfg = Release|Any CPU
		{ADE36AC0-66E9-4600-A1F0-2A30C83F0CC8}.Release|x64.Build.0 = Release|Any CPU
		{ADE36AC0-66E9-4600-A1F0-2A30C83F0CC8}.Release|x86.ActiveCfg = Release|Any CPU
		{ADE36AC0-66E9-4600-A1F0-2A30C83F0CC8}.Release|x86.Build.0 = Release|Any CPU
		{953E08DE-3B57-4400-9C63-7C4B5CABA5ED}.Debug|Any CPU.ActiveCfg = Debug|Any CPU
		{953E08DE-3B57-4400-9C63-7C4B5CABA5ED}.Debug|Any CPU.Build.0 = Debug|Any CPU
		{953E08DE-3B57-4400-9C63-7C4B5CABA5ED}.Debug|x64.ActiveCfg = Debug|Any CPU
		{953E08DE-3B57-4400-9C63-7C4B5CABA5ED}.Debug|x64.Build.0 = Debug|Any CPU
		{953E08DE-3B57-4400-9C63-7C4B5CABA5ED}.Debug|x86.ActiveCfg = Debug|Any CPU
		{953E08DE-3B57-4400-9C63-7C4B5CABA5ED}.Debug|x86.Build.0 = Debug|Any CPU
		{953E08DE-3B57-4400-9C63-7C4B5CABA5ED}.Release|Any CPU.ActiveCfg = Release|Any CPU
		{953E08DE-3B57-4400-9C63-7C4B5CABA5ED}.Release|Any CPU.Build.0 = Release|Any CPU
		{953E08DE-3B57-4400-9C63-7C4B5CABA5ED}.Release|x64.ActiveCfg = Release|Any CPU
		{953E08DE-3B57-4400-9C63-7C4B5CABA5ED}.Release|x64.Build.0 = Release|Any CPU
		{953E08DE-3B57-4400-9C63-7C4B5CABA5ED}.Release|x86.ActiveCfg = Release|Any CPU
		{953E08DE-3B57-4400-9C63-7C4B5CABA5ED}.Release|x86.Build.0 = Release|Any CPU
		{9683DCD8-DB18-4245-8D07-16537836315E}.Debug|Any CPU.ActiveCfg = Debug|Any CPU
		{9683DCD8-DB18-4245-8D07-16537836315E}.Debug|Any CPU.Build.0 = Debug|Any CPU
		{9683DCD8-DB18-4245-8D07-16537836315E}.Debug|x64.ActiveCfg = Debug|Any CPU
		{9683DCD8-DB18-4245-8D07-16537836315E}.Debug|x64.Build.0 = Debug|Any CPU
		{9683DCD8-DB18-4245-8D07-16537836315E}.Debug|x86.ActiveCfg = Debug|Any CPU
		{9683DCD8-DB18-4245-8D07-16537836315E}.Debug|x86.Build.0 = Debug|Any CPU
		{9683DCD8-DB18-4245-8D07-16537836315E}.Release|Any CPU.ActiveCfg = Release|Any CPU
		{9683DCD8-DB18-4245-8D07-16537836315E}.Release|Any CPU.Build.0 = Release|Any CPU
		{9683DCD8-DB18-4245-8D07-16537836315E}.Release|x64.ActiveCfg = Release|Any CPU
		{9683DCD8-DB18-4245-8D07-16537836315E}.Release|x64.Build.0 = Release|Any CPU
		{9683DCD8-DB18-4245-8D07-16537836315E}.Release|x86.ActiveCfg = Release|Any CPU
		{9683DCD8-DB18-4245-8D07-16537836315E}.Release|x86.Build.0 = Release|Any CPU
		{B49E839C-21C0-462C-B36D-2CA6FF9B034A}.Debug|Any CPU.ActiveCfg = Debug|Any CPU
		{B49E839C-21C0-462C-B36D-2CA6FF9B034A}.Debug|Any CPU.Build.0 = Debug|Any CPU
		{B49E839C-21C0-462C-B36D-2CA6FF9B034A}.Debug|x64.ActiveCfg = Debug|Any CPU
		{B49E839C-21C0-462C-B36D-2CA6FF9B034A}.Debug|x64.Build.0 = Debug|Any CPU
		{B49E839C-21C0-462C-B36D-2CA6FF9B034A}.Debug|x86.ActiveCfg = Debug|Any CPU
		{B49E839C-21C0-462C-B36D-2CA6FF9B034A}.Debug|x86.Build.0 = Debug|Any CPU
		{B49E839C-21C0-462C-B36D-2CA6FF9B034A}.Release|Any CPU.ActiveCfg = Release|Any CPU
		{B49E839C-21C0-462C-B36D-2CA6FF9B034A}.Release|Any CPU.Build.0 = Release|Any CPU
		{B49E839C-21C0-462C-B36D-2CA6FF9B034A}.Release|x64.ActiveCfg = Release|Any CPU
		{B49E839C-21C0-462C-B36D-2CA6FF9B034A}.Release|x64.Build.0 = Release|Any CPU
		{B49E839C-21C0-462C-B36D-2CA6FF9B034A}.Release|x86.ActiveCfg = Release|Any CPU
		{B49E839C-21C0-462C-B36D-2CA6FF9B034A}.Release|x86.Build.0 = Release|Any CPU
		{9C5BBE15-806B-4C9A-B7A8-3910AF94CF43}.Debug|Any CPU.ActiveCfg = Debug|Any CPU
		{9C5BBE15-806B-4C9A-B7A8-3910AF94CF43}.Debug|Any CPU.Build.0 = Debug|Any CPU
		{9C5BBE15-806B-4C9A-B7A8-3910AF94CF43}.Debug|x64.ActiveCfg = Debug|Any CPU
		{9C5BBE15-806B-4C9A-B7A8-3910AF94CF43}.Debug|x64.Build.0 = Debug|Any CPU
		{9C5BBE15-806B-4C9A-B7A8-3910AF94CF43}.Debug|x86.ActiveCfg = Debug|Any CPU
		{9C5BBE15-806B-4C9A-B7A8-3910AF94CF43}.Debug|x86.Build.0 = Debug|Any CPU
		{9C5BBE15-806B-4C9A-B7A8-3910AF94CF43}.Release|Any CPU.ActiveCfg = Release|Any CPU
		{9C5BBE15-806B-4C9A-B7A8-3910AF94CF43}.Release|Any CPU.Build.0 = Release|Any CPU
		{9C5BBE15-806B-4C9A-B7A8-3910AF94CF43}.Release|x64.ActiveCfg = Release|Any CPU
		{9C5BBE15-806B-4C9A-B7A8-3910AF94CF43}.Release|x64.Build.0 = Release|Any CPU
		{9C5BBE15-806B-4C9A-B7A8-3910AF94CF43}.Release|x86.ActiveCfg = Release|Any CPU
		{9C5BBE15-806B-4C9A-B7A8-3910AF94CF43}.Release|x86.Build.0 = Release|Any CPU
		{FFD888B2-5657-495C-A214-D8ACB39F5734}.Debug|Any CPU.ActiveCfg = Debug|Any CPU
		{FFD888B2-5657-495C-A214-D8ACB39F5734}.Debug|Any CPU.Build.0 = Debug|Any CPU
		{FFD888B2-5657-495C-A214-D8ACB39F5734}.Debug|x64.ActiveCfg = Debug|Any CPU
		{FFD888B2-5657-495C-A214-D8ACB39F5734}.Debug|x64.Build.0 = Debug|Any CPU
		{FFD888B2-5657-495C-A214-D8ACB39F5734}.Debug|x86.ActiveCfg = Debug|Any CPU
		{FFD888B2-5657-495C-A214-D8ACB39F5734}.Debug|x86.Build.0 = Debug|Any CPU
		{FFD888B2-5657-495C-A214-D8ACB39F5734}.Release|Any CPU.ActiveCfg = Release|Any CPU
		{FFD888B2-5657-495C-A214-D8ACB39F5734}.Release|Any CPU.Build.0 = Release|Any CPU
		{FFD888B2-5657-495C-A214-D8ACB39F5734}.Release|x64.ActiveCfg = Release|Any CPU
		{FFD888B2-5657-495C-A214-D8ACB39F5734}.Release|x64.Build.0 = Release|Any CPU
		{FFD888B2-5657-495C-A214-D8ACB39F5734}.Release|x86.ActiveCfg = Release|Any CPU
		{FFD888B2-5657-495C-A214-D8ACB39F5734}.Release|x86.Build.0 = Release|Any CPU
		{45B6E4F7-C5CC-4ACF-B806-22032FFFD664}.Debug|Any CPU.ActiveCfg = Debug|Any CPU
		{45B6E4F7-C5CC-4ACF-B806-22032FFFD664}.Debug|Any CPU.Build.0 = Debug|Any CPU
		{45B6E4F7-C5CC-4ACF-B806-22032FFFD664}.Debug|x64.ActiveCfg = Debug|Any CPU
		{45B6E4F7-C5CC-4ACF-B806-22032FFFD664}.Debug|x64.Build.0 = Debug|Any CPU
		{45B6E4F7-C5CC-4ACF-B806-22032FFFD664}.Debug|x86.ActiveCfg = Debug|Any CPU
		{45B6E4F7-C5CC-4ACF-B806-22032FFFD664}.Debug|x86.Build.0 = Debug|Any CPU
		{45B6E4F7-C5CC-4ACF-B806-22032FFFD664}.Release|Any CPU.ActiveCfg = Release|Any CPU
		{45B6E4F7-C5CC-4ACF-B806-22032FFFD664}.Release|Any CPU.Build.0 = Release|Any CPU
		{45B6E4F7-C5CC-4ACF-B806-22032FFFD664}.Release|x64.ActiveCfg = Release|Any CPU
		{45B6E4F7-C5CC-4ACF-B806-22032FFFD664}.Release|x64.Build.0 = Release|Any CPU
		{45B6E4F7-C5CC-4ACF-B806-22032FFFD664}.Release|x86.ActiveCfg = Release|Any CPU
		{45B6E4F7-C5CC-4ACF-B806-22032FFFD664}.Release|x86.Build.0 = Release|Any CPU
	EndGlobalSection
	GlobalSection(SolutionProperties) = preSolution
		HideSolutionNode = FALSE
	EndGlobalSection
	GlobalSection(NestedProjects) = preSolution
		{235C0857-245F-4CA8-9CFC-3E80BC0EFE03} = {827E0CD3-B72D-47B6-A68D-7590B98EB39B}
		{EC447DCF-ABFA-6E24-52A5-D7FD48A5C558} = {827E0CD3-B72D-47B6-A68D-7590B98EB39B}
		{E9D55F35-C373-3DD8-6914-3213F2F582A2} = {EC447DCF-ABFA-6E24-52A5-D7FD48A5C558}
		{0AFCC53B-F0AB-424B-AA46-2FA94780BBA7} = {E9D55F35-C373-3DD8-6914-3213F2F582A2}
		{B08931C7-347B-46AF-9119-745DE0E73F3B} = {E9D55F35-C373-3DD8-6914-3213F2F582A2}
		{7F5ED337-74B4-47DD-A9B5-8E3997898F01} = {827E0CD3-B72D-47B6-A68D-7590B98EB39B}
		{29044A7D-0A0C-4B2F-8EBF-76AB2FAD49F0} = {E9D55F35-C373-3DD8-6914-3213F2F582A2}
		{A7E62BF5-4274-79F2-BFB6-413C900CE78F} = {EC447DCF-ABFA-6E24-52A5-D7FD48A5C558}
		{D75F029E-866F-470E-9B98-E28171985917} = {A7E62BF5-4274-79F2-BFB6-413C900CE78F}
		{88E6302A-62A3-4CB7-A4A0-00522C26A738} = {A7E62BF5-4274-79F2-BFB6-413C900CE78F}
		{A3E6D056-407F-432A-AF8A-68D0B06E84C3} = {A7E62BF5-4274-79F2-BFB6-413C900CE78F}
		{9BF2A726-9349-1429-64E4-F5B69F0CD98D} = {EC447DCF-ABFA-6E24-52A5-D7FD48A5C558}
		{48DCDBE1-EF51-4DC8-816C-2B8A25046A04} = {9BF2A726-9349-1429-64E4-F5B69F0CD98D}
		{597FD03D-8B96-4FCC-AC7B-DA56F550E701} = {9BF2A726-9349-1429-64E4-F5B69F0CD98D}
		{C0DA8801-B797-4DB0-85B4-469DD599D0A9} = {9BF2A726-9349-1429-64E4-F5B69F0CD98D}
		{EE7AE57F-1F73-62A6-1E2A-5756C61DFA40} = {EC447DCF-ABFA-6E24-52A5-D7FD48A5C558}
		{BDA21E7E-8C66-4FEC-93F0-19747F0063C5} = {EE7AE57F-1F73-62A6-1E2A-5756C61DFA40}
		{ADE36AC0-66E9-4600-A1F0-2A30C83F0CC8} = {EE7AE57F-1F73-62A6-1E2A-5756C61DFA40}
		{953E08DE-3B57-4400-9C63-7C4B5CABA5ED} = {EE7AE57F-1F73-62A6-1E2A-5756C61DFA40}
		{183C7EF4-8737-DBA5-FB74-19BAC03EA214} = {EC447DCF-ABFA-6E24-52A5-D7FD48A5C558}
		{9683DCD8-DB18-4245-8D07-16537836315E} = {183C7EF4-8737-DBA5-FB74-19BAC03EA214}
		{B49E839C-21C0-462C-B36D-2CA6FF9B034A} = {183C7EF4-8737-DBA5-FB74-19BAC03EA214}
		{9C5BBE15-806B-4C9A-B7A8-3910AF94CF43} = {183C7EF4-8737-DBA5-FB74-19BAC03EA214}
		{FFD888B2-5657-495C-A214-D8ACB39F5734} = {0AB3BF05-4346-4AA6-1389-037BE0695223}
		{45B6E4F7-C5CC-4ACF-B806-22032FFFD664} = {0AB3BF05-4346-4AA6-1389-037BE0695223}
	EndGlobalSection
	GlobalSection(ExtensibilityGlobals) = postSolution
		SolutionGuid = {EA478742-E1BB-4096-92EA-CC372E5688B4}
	EndGlobalSection
EndGlobal
